// !$*UTF8*$!
{
	archiveVersion = 1;
	classes = {
	};
	objectVersion = 50;
	objects = {

/* Begin PBXBuildFile section */
		05110ACB24D7E2A200C604C3 /* AppDelegate.swift in Sources */ = {isa = PBXBuildFile; fileRef = 05110ACA24D7E2A200C604C3 /* AppDelegate.swift */; };
		05110ACD24D7E2A200C604C3 /* SceneDelegate.swift in Sources */ = {isa = PBXBuildFile; fileRef = 05110ACC24D7E2A200C604C3 /* SceneDelegate.swift */; };
		05110AD424D7E2A400C604C3 /* Assets.xcassets in Resources */ = {isa = PBXBuildFile; fileRef = 05110AD324D7E2A400C604C3 /* Assets.xcassets */; };
		05110AD724D7E2A400C604C3 /* LaunchScreen.storyboard in Resources */ = {isa = PBXBuildFile; fileRef = 05110AD524D7E2A400C604C3 /* LaunchScreen.storyboard */; };
		05110ADF24D7E62500C604C3 /* HomeViewController.swift in Sources */ = {isa = PBXBuildFile; fileRef = 05110ADE24D7E62500C604C3 /* HomeViewController.swift */; };
		05110AE324D7E98F00C604C3 /* Main.storyboard in Resources */ = {isa = PBXBuildFile; fileRef = 05110AE224D7E98F00C604C3 /* Main.storyboard */; };
		05110AE524D7EBDE00C604C3 /* Coordinator.swift in Sources */ = {isa = PBXBuildFile; fileRef = 05110AE424D7EBDE00C604C3 /* Coordinator.swift */; };
		05110AE824D7EC8200C604C3 /* MainCoordinator.swift in Sources */ = {isa = PBXBuildFile; fileRef = 05110AE724D7EC8200C604C3 /* MainCoordinator.swift */; };
		05110AEA24D7FBFB00C604C3 /* HomeCoordinator.swift in Sources */ = {isa = PBXBuildFile; fileRef = 05110AE924D7FBFB00C604C3 /* HomeCoordinator.swift */; };
		05110AED24D8043700C604C3 /* PatientCell.swift in Sources */ = {isa = PBXBuildFile; fileRef = 05110AEC24D8043700C604C3 /* PatientCell.swift */; };
		05110AEF24D8047500C604C3 /* Patient.swift in Sources */ = {isa = PBXBuildFile; fileRef = 05110AEE24D8047500C604C3 /* Patient.swift */; };
		05110AF124D8091800C604C3 /* HomeDataSource.swift in Sources */ = {isa = PBXBuildFile; fileRef = 05110AF024D8091800C604C3 /* HomeDataSource.swift */; };
		05110AF324D80FDB00C604C3 /* PatientsHeader.swift in Sources */ = {isa = PBXBuildFile; fileRef = 05110AF224D80FDB00C604C3 /* PatientsHeader.swift */; };
		0586FDF124D935E40001AE8D /* UIColour+.swift in Sources */ = {isa = PBXBuildFile; fileRef = 0586FDF024D935E40001AE8D /* UIColour+.swift */; };
/* End PBXBuildFile section */

/* Begin PBXFileReference section */
		05110AC724D7E2A200C604C3 /* MedicalHistory.app */ = {isa = PBXFileReference; explicitFileType = wrapper.application; includeInIndex = 0; path = MedicalHistory.app; sourceTree = BUILT_PRODUCTS_DIR; };
		05110ACA24D7E2A200C604C3 /* AppDelegate.swift */ = {isa = PBXFileReference; lastKnownFileType = sourcecode.swift; path = AppDelegate.swift; sourceTree = "<group>"; };
		05110ACC24D7E2A200C604C3 /* SceneDelegate.swift */ = {isa = PBXFileReference; lastKnownFileType = sourcecode.swift; path = SceneDelegate.swift; sourceTree = "<group>"; };
		05110AD324D7E2A400C604C3 /* Assets.xcassets */ = {isa = PBXFileReference; lastKnownFileType = folder.assetcatalog; path = Assets.xcassets; sourceTree = "<group>"; };
		05110AD624D7E2A400C604C3 /* Base */ = {isa = PBXFileReference; lastKnownFileType = file.storyboard; name = Base; path = Base.lproj/LaunchScreen.storyboard; sourceTree = "<group>"; };
		05110AD824D7E2A400C604C3 /* Info.plist */ = {isa = PBXFileReference; lastKnownFileType = text.plist.xml; path = Info.plist; sourceTree = "<group>"; };
		05110ADE24D7E62500C604C3 /* HomeViewController.swift */ = {isa = PBXFileReference; lastKnownFileType = sourcecode.swift; path = HomeViewController.swift; sourceTree = "<group>"; };
		05110AE224D7E98F00C604C3 /* Main.storyboard */ = {isa = PBXFileReference; lastKnownFileType = file.storyboard; path = Main.storyboard; sourceTree = "<group>"; };
		05110AE424D7EBDE00C604C3 /* Coordinator.swift */ = {isa = PBXFileReference; lastKnownFileType = sourcecode.swift; path = Coordinator.swift; sourceTree = "<group>"; };
		05110AE724D7EC8200C604C3 /* MainCoordinator.swift */ = {isa = PBXFileReference; lastKnownFileType = sourcecode.swift; path = MainCoordinator.swift; sourceTree = "<group>"; };
		05110AE924D7FBFB00C604C3 /* HomeCoordinator.swift */ = {isa = PBXFileReference; lastKnownFileType = sourcecode.swift; path = HomeCoordinator.swift; sourceTree = "<group>"; };
		05110AEC24D8043700C604C3 /* PatientCell.swift */ = {isa = PBXFileReference; lastKnownFileType = sourcecode.swift; name = PatientCell.swift; path = MedicalHistory/ReusableViews/PatientCell.swift; sourceTree = SOURCE_ROOT; };
		05110AEE24D8047500C604C3 /* Patient.swift */ = {isa = PBXFileReference; lastKnownFileType = sourcecode.swift; path = Patient.swift; sourceTree = "<group>"; };
		05110AF024D8091800C604C3 /* HomeDataSource.swift */ = {isa = PBXFileReference; lastKnownFileType = sourcecode.swift; path = HomeDataSource.swift; sourceTree = "<group>"; };
		05110AF224D80FDB00C604C3 /* PatientsHeader.swift */ = {isa = PBXFileReference; lastKnownFileType = sourcecode.swift; path = PatientsHeader.swift; sourceTree = "<group>"; };
		0586FDF024D935E40001AE8D /* UIColour+.swift */ = {isa = PBXFileReference; lastKnownFileType = sourcecode.swift; path = "UIColour+.swift"; sourceTree = "<group>"; };
/* End PBXFileReference section */

/* Begin PBXFrameworksBuildPhase section */
		05110AC424D7E2A200C604C3 /* Frameworks */ = {
			isa = PBXFrameworksBuildPhase;
			buildActionMask = 2147483647;
			files = (
			);
			runOnlyForDeploymentPostprocessing = 0;
		};
/* End PBXFrameworksBuildPhase section */

/* Begin PBXGroup section */
		05110ABE24D7E2A200C604C3 = {
			isa = PBXGroup;
			children = (
				05110AC924D7E2A200C604C3 /* MedicalHistory */,
				05110AC824D7E2A200C604C3 /* Products */,
			);
			sourceTree = "<group>";
		};
		05110AC824D7E2A200C604C3 /* Products */ = {
			isa = PBXGroup;
			children = (
				05110AC724D7E2A200C604C3 /* MedicalHistory.app */,
			);
			name = Products;
			sourceTree = "<group>";
		};
		05110AC924D7E2A200C604C3 /* MedicalHistory */ = {
			isa = PBXGroup;
			children = (
				05110ACA24D7E2A200C604C3 /* AppDelegate.swift */,
				05110ACC24D7E2A200C604C3 /* SceneDelegate.swift */,
				05110AE624D7EBF100C604C3 /* Coordinators */,
				05110AEB24D8022600C604C3 /* ViewControllers */,
				0586FDF024D935E40001AE8D /* UIColour+.swift */,
				05110AF724D815F500C604C3 /* ReusableViews */,
				05110AF624D815CB00C604C3 /* Model */,
				05110AD324D7E2A400C604C3 /* Assets.xcassets */,
				05110AD524D7E2A400C604C3 /* LaunchScreen.storyboard */,
				05110AE224D7E98F00C604C3 /* Main.storyboard */,
				05110AD824D7E2A400C604C3 /* Info.plist */,
			);
			path = MedicalHistory;
			sourceTree = "<group>";
		};
		05110AE624D7EBF100C604C3 /* Coordinators */ = {
			isa = PBXGroup;
			children = (
				05110AE424D7EBDE00C604C3 /* Coordinator.swift */,
				05110AE724D7EC8200C604C3 /* MainCoordinator.swift */,
				05110AE924D7FBFB00C604C3 /* HomeCoordinator.swift */,
			);
			path = Coordinators;
			sourceTree = "<group>";
		};
		05110AEB24D8022600C604C3 /* ViewControllers */ = {
			isa = PBXGroup;
			children = (
				05110ADE24D7E62500C604C3 /* HomeViewController.swift */,
				05110AF024D8091800C604C3 /* HomeDataSource.swift */,
			);
			path = ViewControllers;
			sourceTree = "<group>";
		};
		05110AF624D815CB00C604C3 /* Model */ = {
			isa = PBXGroup;
			children = (
				05110AEE24D8047500C604C3 /* Patient.swift */,
			);
			path = Model;
			sourceTree = "<group>";
		};
		05110AF724D815F500C604C3 /* ReusableViews */ = {
			isa = PBXGroup;
			children = (
				05110AEC24D8043700C604C3 /* PatientCell.swift */,
				05110AF224D80FDB00C604C3 /* PatientsHeader.swift */,
			);
			path = ReusableViews;
			sourceTree = "<group>";
		};
/* End PBXGroup section */

/* Begin PBXNativeTarget section */
		05110AC624D7E2A200C604C3 /* MedicalHistory */ = {
			isa = PBXNativeTarget;
			buildConfigurationList = 05110ADB24D7E2A400C604C3 /* Build configuration list for PBXNativeTarget "MedicalHistory" */;
			buildPhases = (
				05110AC324D7E2A200C604C3 /* Sources */,
				05110AC424D7E2A200C604C3 /* Frameworks */,
				05110AC524D7E2A200C604C3 /* Resources */,
			);
			buildRules = (
			);
			dependencies = (
			);
			name = MedicalHistory;
			productName = MedicalHistory;
			productReference = 05110AC724D7E2A200C604C3 /* MedicalHistory.app */;
			productType = "com.apple.product-type.application";
		};
/* End PBXNativeTarget section */

/* Begin PBXProject section */
		05110ABF24D7E2A200C604C3 /* Project object */ = {
			isa = PBXProject;
			attributes = {
				LastSwiftUpdateCheck = 1160;
				LastUpgradeCheck = 1160;
				ORGANIZATIONNAME = "Eliany Barrera";
				TargetAttributes = {
					05110AC624D7E2A200C604C3 = {
						CreatedOnToolsVersion = 11.6;
					};
				};
			};
			buildConfigurationList = 05110AC224D7E2A200C604C3 /* Build configuration list for PBXProject "MedicalHistory" */;
			compatibilityVersion = "Xcode 9.3";
			developmentRegion = en;
			hasScannedForEncodings = 0;
			knownRegions = (
				en,
				Base,
			);
			mainGroup = 05110ABE24D7E2A200C604C3;
			productRefGroup = 05110AC824D7E2A200C604C3 /* Products */;
			projectDirPath = "";
			projectRoot = "";
			targets = (
				05110AC624D7E2A200C604C3 /* MedicalHistory */,
			);
		};
/* End PBXProject section */

/* Begin PBXResourcesBuildPhase section */
		05110AC524D7E2A200C604C3 /* Resources */ = {
			isa = PBXResourcesBuildPhase;
			buildActionMask = 2147483647;
			files = (
				05110AE324D7E98F00C604C3 /* Main.storyboard in Resources */,
				05110AD724D7E2A400C604C3 /* LaunchScreen.storyboard in Resources */,
				05110AD424D7E2A400C604C3 /* Assets.xcassets in Resources */,
			);
			runOnlyForDeploymentPostprocessing = 0;
		};
/* End PBXResourcesBuildPhase section */

/* Begin PBXSourcesBuildPhase section */
		05110AC324D7E2A200C604C3 /* Sources */ = {
			isa = PBXSourcesBuildPhase;
			buildActionMask = 2147483647;
			files = (
				05110AED24D8043700C604C3 /* PatientCell.swift in Sources */,
				05110AE524D7EBDE00C604C3 /* Coordinator.swift in Sources */,
				05110AF324D80FDB00C604C3 /* PatientsHeader.swift in Sources */,
				05110ACB24D7E2A200C604C3 /* AppDelegate.swift in Sources */,
				05110ACD24D7E2A200C604C3 /* SceneDelegate.swift in Sources */,
				05110AE824D7EC8200C604C3 /* MainCoordinator.swift in Sources */,
				05110AEF24D8047500C604C3 /* Patient.swift in Sources */,
				0586FDF124D935E40001AE8D /* UIColour+.swift in Sources */,
				05110ADF24D7E62500C604C3 /* HomeViewController.swift in Sources */,
				05110AF124D8091800C604C3 /* HomeDataSource.swift in Sources */,
				05110AEA24D7FBFB00C604C3 /* HomeCoordinator.swift in Sources */,
			);
			runOnlyForDeploymentPostprocessing = 0;
		};
/* End PBXSourcesBuildPhase section */

/* Begin PBXVariantGroup section */
		05110AD524D7E2A400C604C3 /* LaunchScreen.storyboard */ = {
			isa = PBXVariantGroup;
			children = (
				05110AD624D7E2A400C604C3 /* Base */,
			);
			name = LaunchScreen.storyboard;
			sourceTree = "<group>";
		};
/* End PBXVariantGroup section */

/* Begin XCBuildConfiguration section */
		05110AD924D7E2A400C604C3 /* Debug */ = {
			isa = XCBuildConfiguration;
			buildSettings = {
				ALWAYS_SEARCH_USER_PATHS = NO;
				CLANG_ANALYZER_NONNULL = YES;
				CLANG_ANALYZER_NUMBER_OBJECT_CONVERSION = YES_AGGRESSIVE;
				CLANG_CXX_LANGUAGE_STANDARD = "gnu++14";
				CLANG_CXX_LIBRARY = "libc++";
				CLANG_ENABLE_MODULES = YES;
				CLANG_ENABLE_OBJC_ARC = YES;
				CLANG_ENABLE_OBJC_WEAK = YES;
				CLANG_WARN_BLOCK_CAPTURE_AUTORELEASING = YES;
				CLANG_WARN_BOOL_CONVERSION = YES;
				CLANG_WARN_COMMA = YES;
				CLANG_WARN_CONSTANT_CONVERSION = YES;
				CLANG_WARN_DEPRECATED_OBJC_IMPLEMENTATIONS = YES;
				CLANG_WARN_DIRECT_OBJC_ISA_USAGE = YES_ERROR;
				CLANG_WARN_DOCUMENTATION_COMMENTS = YES;
				CLANG_WARN_EMPTY_BODY = YES;
				CLANG_WARN_ENUM_CONVERSION = YES;
				CLANG_WARN_INFINITE_RECURSION = YES;
				CLANG_WARN_INT_CONVERSION = YES;
				CLANG_WARN_NON_LITERAL_NULL_CONVERSION = YES;
				CLANG_WARN_OBJC_IMPLICIT_RETAIN_SELF = YES;
				CLANG_WARN_OBJC_LITERAL_CONVERSION = YES;
				CLANG_WARN_OBJC_ROOT_CLASS = YES_ERROR;
				CLANG_WARN_RANGE_LOOP_ANALYSIS = YES;
				CLANG_WARN_STRICT_PROTOTYPES = YES;
				CLANG_WARN_SUSPICIOUS_MOVE = YES;
				CLANG_WARN_UNGUARDED_AVAILABILITY = YES_AGGRESSIVE;
				CLANG_WARN_UNREACHABLE_CODE = YES;
				CLANG_WARN__DUPLICATE_METHOD_MATCH = YES;
				COPY_PHASE_STRIP = NO;
				DEBUG_INFORMATION_FORMAT = dwarf;
				ENABLE_STRICT_OBJC_MSGSEND = YES;
				ENABLE_TESTABILITY = YES;
				GCC_C_LANGUAGE_STANDARD = gnu11;
				GCC_DYNAMIC_NO_PIC = NO;
				GCC_NO_COMMON_BLOCKS = YES;
				GCC_OPTIMIZATION_LEVEL = 0;
				GCC_PREPROCESSOR_DEFINITIONS = (
					"DEBUG=1",
					"$(inherited)",
				);
				GCC_WARN_64_TO_32_BIT_CONVERSION = YES;
				GCC_WARN_ABOUT_RETURN_TYPE = YES_ERROR;
				GCC_WARN_UNDECLARED_SELECTOR = YES;
				GCC_WARN_UNINITIALIZED_AUTOS = YES_AGGRESSIVE;
				GCC_WARN_UNUSED_FUNCTION = YES;
				GCC_WARN_UNUSED_VARIABLE = YES;
				IPHONEOS_DEPLOYMENT_TARGET = 13.6;
				MTL_ENABLE_DEBUG_INFO = INCLUDE_SOURCE;
				MTL_FAST_MATH = YES;
				ONLY_ACTIVE_ARCH = YES;
				SDKROOT = iphoneos;
				SWIFT_ACTIVE_COMPILATION_CONDITIONS = DEBUG;
				SWIFT_OPTIMIZATION_LEVEL = "-Onone";
			};
			name = Debug;
		};
		05110ADA24D7E2A400C604C3 /* Release */ = {
			isa = XCBuildConfiguration;
			buildSettings = {
				ALWAYS_SEARCH_USER_PATHS = NO;
				CLANG_ANALYZER_NONNULL = YES;
				CLANG_ANALYZER_NUMBER_OBJECT_CONVERSION = YES_AGGRESSIVE;
				CLANG_CXX_LANGUAGE_STANDARD = "gnu++14";
				CLANG_CXX_LIBRARY = "libc++";
				CLANG_ENABLE_MODULES = YES;
				CLANG_ENABLE_OBJC_ARC = YES;
				CLANG_ENABLE_OBJC_WEAK = YES;
				CLANG_WARN_BLOCK_CAPTURE_AUTORELEASING = YES;
				CLANG_WARN_BOOL_CONVERSION = YES;
				CLANG_WARN_COMMA = YES;
				CLANG_WARN_CONSTANT_CONVERSION = YES;
				CLANG_WARN_DEPRECATED_OBJC_IMPLEMENTATIONS = YES;
				CLANG_WARN_DIRECT_OBJC_ISA_USAGE = YES_ERROR;
				CLANG_WARN_DOCUMENTATION_COMMENTS = YES;
				CLANG_WARN_EMPTY_BODY = YES;
				CLANG_WARN_ENUM_CONVERSION = YES;
				CLANG_WARN_INFINITE_RECURSION = YES;
				CLANG_WARN_INT_CONVERSION = YES;
				CLANG_WARN_NON_LITERAL_NULL_CONVERSION = YES;
				CLANG_WARN_OBJC_IMPLICIT_RETAIN_SELF = YES;
				CLANG_WARN_OBJC_LITERAL_CONVERSION = YES;
				CLANG_WARN_OBJC_ROOT_CLASS = YES_ERROR;
				CLANG_WARN_RANGE_LOOP_ANALYSIS = YES;
				CLANG_WARN_STRICT_PROTOTYPES = YES;
				CLANG_WARN_SUSPICIOUS_MOVE = YES;
				CLANG_WARN_UNGUARDED_AVAILABILITY = YES_AGGRESSIVE;
				CLANG_WARN_UNREACHABLE_CODE = YES;
				CLANG_WARN__DUPLICATE_METHOD_MATCH = YES;
				COPY_PHASE_STRIP = NO;
				DEBUG_INFORMATION_FORMAT = "dwarf-with-dsym";
				ENABLE_NS_ASSERTIONS = NO;
				ENABLE_STRICT_OBJC_MSGSEND = YES;
				GCC_C_LANGUAGE_STANDARD = gnu11;
				GCC_NO_COMMON_BLOCKS = YES;
				GCC_WARN_64_TO_32_BIT_CONVERSION = YES;
				GCC_WARN_ABOUT_RETURN_TYPE = YES_ERROR;
				GCC_WARN_UNDECLARED_SELECTOR = YES;
				GCC_WARN_UNINITIALIZED_AUTOS = YES_AGGRESSIVE;
				GCC_WARN_UNUSED_FUNCTION = YES;
				GCC_WARN_UNUSED_VARIABLE = YES;
				IPHONEOS_DEPLOYMENT_TARGET = 13.6;
				MTL_ENABLE_DEBUG_INFO = NO;
				MTL_FAST_MATH = YES;
				SDKROOT = iphoneos;
				SWIFT_COMPILATION_MODE = wholemodule;
				SWIFT_OPTIMIZATION_LEVEL = "-O";
				VALIDATE_PRODUCT = YES;
			};
			name = Release;
		};
		05110ADC24D7E2A400C604C3 /* Debug */ = {
			isa = XCBuildConfiguration;
			buildSettings = {
				ASSETCATALOG_COMPILER_APPICON_NAME = AppIcon;
				CODE_SIGN_STYLE = Automatic;
				DEVELOPMENT_TEAM = 8L88PNR4B2;
				INFOPLIST_FILE = MedicalHistory/Info.plist;
				LD_RUNPATH_SEARCH_PATHS = (
					"$(inherited)",
					"@executable_path/Frameworks",
				);
				PRODUCT_BUNDLE_IDENTIFIER = ebarrera95.MedicalHistory;
				PRODUCT_NAME = "$(TARGET_NAME)";
				SWIFT_VERSION = 5.0;
				TARGETED_DEVICE_FAMILY = "1,2";
			};
			name = Debug;
		};
		05110ADD24D7E2A400C604C3 /* Release */ = {
			isa = XCBuildConfiguration;
			buildSettings = {
				ASSETCATALOG_COMPILER_APPICON_NAME = AppIcon;
				CODE_SIGN_STYLE = Automatic;
				DEVELOPMENT_TEAM = 8L88PNR4B2;
				INFOPLIST_FILE = MedicalHistory/Info.plist;
				LD_RUNPATH_SEARCH_PATHS = (
					"$(inherited)",
					"@executable_path/Frameworks",
				);
				PRODUCT_BUNDLE_IDENTIFIER = ebarrera95.MedicalHistory;
				PRODUCT_NAME = "$(TARGET_NAME)";
				SWIFT_VERSION = 5.0;
				TARGETED_DEVICE_FAMILY = "1,2";
			};
			name = Release;
		};
/* End XCBuildConfiguration section */

/* Begin XCConfigurationList section */
		05110AC224D7E2A200C604C3 /* Build configuration list for PBXProject "MedicalHistory" */ = {
			isa = XCConfigurationList;
			buildConfigurations = (
				05110AD924D7E2A400C604C3 /* Debug */,
				05110ADA24D7E2A400C604C3 /* Release */,
			);
			defaultConfigurationIsVisible = 0;
			defaultConfigurationName = Release;
		};
		05110ADB24D7E2A400C604C3 /* Build configuration list for PBXNativeTarget "MedicalHistory" */ = {
			isa = XCConfigurationList;
			buildConfigurations = (
				05110ADC24D7E2A400C604C3 /* Debug */,
				05110ADD24D7E2A400C604C3 /* Release */,
			);
			defaultConfigurationIsVisible = 0;
			defaultConfigurationName = Release;
		};
/* End XCConfigurationList section */
	};
	rootObject = 05110ABF24D7E2A200C604C3 /* Project object */;
}
